// !$*UTF8*$!
{
	archiveVersion = 1;
	classes = {
	};
	objectVersion = 56;
	objects = {

/* Begin PBXBuildFile section */
		9929FC982A6DDA42002C1BF2 /* MainNavigationController.swift in Sources */ = {isa = PBXBuildFile; fileRef = 9929FC972A6DDA42002C1BF2 /* MainNavigationController.swift */; };
		9929FC9C2A6DDCB1002C1BF2 /* Extension + NSNotification.Name.swift in Sources */ = {isa = PBXBuildFile; fileRef = 9929FC9B2A6DDCB1002C1BF2 /* Extension + NSNotification.Name.swift */; };
		9929FC9E2A6DE014002C1BF2 /* MainTabBarController + delegate.swift in Sources */ = {isa = PBXBuildFile; fileRef = 9929FC9D2A6DE014002C1BF2 /* MainTabBarController + delegate.swift */; };
		9929FCA02A6DE8D1002C1BF2 /* MainTabBarController + notificationCenter.swift in Sources */ = {isa = PBXBuildFile; fileRef = 9929FC9F2A6DE8D1002C1BF2 /* MainTabBarController + notificationCenter.swift */; };
		9929FCA22A6DEC14002C1BF2 /* MainTabBarController + setupRightButton.swift in Sources */ = {isa = PBXBuildFile; fileRef = 9929FCA12A6DEC14002C1BF2 /* MainTabBarController + setupRightButton.swift */; };
		9929FCA42A6DFA3B002C1BF2 /* CreateHabitViewController + setupController.swift in Sources */ = {isa = PBXBuildFile; fileRef = 9929FCA32A6DFA3B002C1BF2 /* CreateHabitViewController + setupController.swift */; };
		9929FCA62A6DFBBC002C1BF2 /* CreateHabitViewController + setupTableView.swift in Sources */ = {isa = PBXBuildFile; fileRef = 9929FCA52A6DFBBC002C1BF2 /* CreateHabitViewController + setupTableView.swift */; };
		9929FCA82A6DFC04002C1BF2 /* CreateHabitViewController + setupViews.swift in Sources */ = {isa = PBXBuildFile; fileRef = 9929FCA72A6DFC04002C1BF2 /* CreateHabitViewController + setupViews.swift */; };
		9929FCAA2A6DFCA9002C1BF2 /* CreateHabitViewController + tableViewDelegate + tableViewDataSource.swift in Sources */ = {isa = PBXBuildFile; fileRef = 9929FCA92A6DFCA9002C1BF2 /* CreateHabitViewController + tableViewDelegate + tableViewDataSource.swift */; };
		9929FCAC2A6DFD27002C1BF2 /* CreateHabitViewController + setupButton.swift in Sources */ = {isa = PBXBuildFile; fileRef = 9929FCAB2A6DFD27002C1BF2 /* CreateHabitViewController + setupButton.swift */; };
		993DBDE52A851D39001D036B /* HabitCreationViewController + setupThirdRow.swift in Sources */ = {isa = PBXBuildFile; fileRef = 993DBDE42A851D39001D036B /* HabitCreationViewController + setupThirdRow.swift */; };
		993DBDE72A853F66001D036B /* HabitCreationViewController + setupFourthRow.swift in Sources */ = {isa = PBXBuildFile; fileRef = 993DBDE62A853F66001D036B /* HabitCreationViewController + setupFourthRow.swift */; };
		9943EFD22A29063A006512A8 /* AppDelegate.swift in Sources */ = {isa = PBXBuildFile; fileRef = 9943EFD12A29063A006512A8 /* AppDelegate.swift */; };
		9943EFD42A29063A006512A8 /* SceneDelegate.swift in Sources */ = {isa = PBXBuildFile; fileRef = 9943EFD32A29063A006512A8 /* SceneDelegate.swift */; };
		9943EFD62A29063A006512A8 /* MainViewController.swift in Sources */ = {isa = PBXBuildFile; fileRef = 9943EFD52A29063A006512A8 /* MainViewController.swift */; };
		9943EFDC2A29063A006512A8 /* HabitTracker.xcdatamodeld in Sources */ = {isa = PBXBuildFile; fileRef = 9943EFDA2A29063A006512A8 /* HabitTracker.xcdatamodeld */; };
		9943EFDE2A29063C006512A8 /* Assets.xcassets in Resources */ = {isa = PBXBuildFile; fileRef = 9943EFDD2A29063C006512A8 /* Assets.xcassets */; };
		9943EFE12A29063C006512A8 /* LaunchScreen.storyboard in Resources */ = {isa = PBXBuildFile; fileRef = 9943EFDF2A29063C006512A8 /* LaunchScreen.storyboard */; };
		9943EFEC2A29063C006512A8 /* HabitTrackerTests.swift in Sources */ = {isa = PBXBuildFile; fileRef = 9943EFEB2A29063C006512A8 /* HabitTrackerTests.swift */; };
		9943EFF62A29063C006512A8 /* HabitTrackerUITests.swift in Sources */ = {isa = PBXBuildFile; fileRef = 9943EFF52A29063C006512A8 /* HabitTrackerUITests.swift */; };
		9943EFF82A29063C006512A8 /* HabitTrackerUITestsLaunchTests.swift in Sources */ = {isa = PBXBuildFile; fileRef = 9943EFF72A29063C006512A8 /* HabitTrackerUITestsLaunchTests.swift */; };
		99526E142ABBECE3005A3153 /* NewHabitViewModel.swift in Sources */ = {isa = PBXBuildFile; fileRef = 99526E132ABBECE3005A3153 /* NewHabitViewModel.swift */; };
		99526E1C2AC7317F005A3153 /* MainViewController + notificationCenter.swift in Sources */ = {isa = PBXBuildFile; fileRef = 99526E1B2AC7317F005A3153 /* MainViewController + notificationCenter.swift */; };
		99526E1F2AC734AF005A3153 /* HabitTableViewCell.swift in Sources */ = {isa = PBXBuildFile; fileRef = 99526E1E2AC734AF005A3153 /* HabitTableViewCell.swift */; };
		99526E212AC735EA005A3153 /* HabitTableViewCell + setUpViewModel.swift in Sources */ = {isa = PBXBuildFile; fileRef = 99526E202AC735EA005A3153 /* HabitTableViewCell + setUpViewModel.swift */; };
		99526E232AC8C042005A3153 /* HabitTableViewCell + setupViews.swift in Sources */ = {isa = PBXBuildFile; fileRef = 99526E222AC8C042005A3153 /* HabitTableViewCell + setupViews.swift */; };
		996862FC2A6EE2430017A66B /* HabitCreationViewController.swift in Sources */ = {isa = PBXBuildFile; fileRef = 996862FB2A6EE2430017A66B /* HabitCreationViewController.swift */; };
		996862FF2A6EE3D70017A66B /* HabitCreationViewController + setupViews.swift in Sources */ = {isa = PBXBuildFile; fileRef = 996862FE2A6EE3D70017A66B /* HabitCreationViewController + setupViews.swift */; };
		9968630E2A7166BC0017A66B /* HabitCreationViewController + setupScrollView.swift in Sources */ = {isa = PBXBuildFile; fileRef = 9968630D2A7166BC0017A66B /* HabitCreationViewController + setupScrollView.swift */; };
		996863102A71681C0017A66B /* HabitCreationViewController + setupFirstRow.swift in Sources */ = {isa = PBXBuildFile; fileRef = 9968630F2A71681C0017A66B /* HabitCreationViewController + setupFirstRow.swift */; };
		996863122A7171610017A66B /* HabitCreationViewController + setupSecondRow.swift in Sources */ = {isa = PBXBuildFile; fileRef = 996863112A7171610017A66B /* HabitCreationViewController + setupSecondRow.swift */; };
		99A071782A6B0F710077314E /* MainViewController + SetUpController.swift in Sources */ = {isa = PBXBuildFile; fileRef = 99A071772A6B0F710077314E /* MainViewController + SetUpController.swift */; };
		99A0717A2A6B10290077314E /* MainViewController + setUpTableView.swift in Sources */ = {isa = PBXBuildFile; fileRef = 99A071792A6B10290077314E /* MainViewController + setUpTableView.swift */; };
		99A0717E2A6B10B30077314E /* MainViewController + tableViewDataSource.swift in Sources */ = {isa = PBXBuildFile; fileRef = 99A0717D2A6B10B30077314E /* MainViewController + tableViewDataSource.swift */; };
		99A071802A6B10E80077314E /* MainViewController + tableViewDelegate.swift in Sources */ = {isa = PBXBuildFile; fileRef = 99A0717F2A6B10E80077314E /* MainViewController + tableViewDelegate.swift */; };
		99A071852A6B12BC0077314E /* MainTabBarController.swift in Sources */ = {isa = PBXBuildFile; fileRef = 99A071842A6B12BC0077314E /* MainTabBarController.swift */; };
		99A071882A6B13200077314E /* MainTabBarController + setupControllerViews.swift in Sources */ = {isa = PBXBuildFile; fileRef = 99A071872A6B13200077314E /* MainTabBarController + setupControllerViews.swift */; };
		99A071902A6B324C0077314E /* CreateHabitViewController.swift in Sources */ = {isa = PBXBuildFile; fileRef = 99A0718F2A6B324C0077314E /* CreateHabitViewController.swift */; };
		99D15C7B2AA08EB400649146 /* HabitCreationViewController + requireSlotCompletion.swift in Sources */ = {isa = PBXBuildFile; fileRef = 99D15C7A2AA08EB400649146 /* HabitCreationViewController + requireSlotCompletion.swift */; };
		99DD79712A91DFF000435913 /* HabitCreationViewController + setupFifthRow.swift in Sources */ = {isa = PBXBuildFile; fileRef = 99DD79702A91DFEF00435913 /* HabitCreationViewController + setupFifthRow.swift */; };
		99DD79732A9595B000435913 /* HabitCreationViewController + setupSixthRow.swift in Sources */ = {isa = PBXBuildFile; fileRef = 99DD79722A9595B000435913 /* HabitCreationViewController + setupSixthRow.swift */; };
		99DD79762A959A2500435913 /* HabitCreationViewController + setupCreateHabitButton.swift in Sources */ = {isa = PBXBuildFile; fileRef = 99DD79752A959A2500435913 /* HabitCreationViewController + setupCreateHabitButton.swift */; };
		99DD79782A96B36400435913 /* HabitCreationViewController + setupAdvanceButton.swift in Sources */ = {isa = PBXBuildFile; fileRef = 99DD79772A96B36400435913 /* HabitCreationViewController + setupAdvanceButton.swift */; };
		99DD797A2A96EC0E00435913 /* HabitCreationViewController + setupChallengeButtons.swift in Sources */ = {isa = PBXBuildFile; fileRef = 99DD79792A96EC0E00435913 /* HabitCreationViewController + setupChallengeButtons.swift */; };
/* End PBXBuildFile section */

/* Begin PBXContainerItemProxy section */
		9943EFE82A29063C006512A8 /* PBXContainerItemProxy */ = {
			isa = PBXContainerItemProxy;
			containerPortal = 9943EFC62A29063A006512A8 /* Project object */;
			proxyType = 1;
			remoteGlobalIDString = 9943EFCD2A29063A006512A8;
			remoteInfo = HabitTracker;
		};
		9943EFF22A29063C006512A8 /* PBXContainerItemProxy */ = {
			isa = PBXContainerItemProxy;
			containerPortal = 9943EFC62A29063A006512A8 /* Project object */;
			proxyType = 1;
			remoteGlobalIDString = 9943EFCD2A29063A006512A8;
			remoteInfo = HabitTracker;
		};
/* End PBXContainerItemProxy section */

/* Begin PBXFileReference section */
		9929FC972A6DDA42002C1BF2 /* MainNavigationController.swift */ = {isa = PBXFileReference; lastKnownFileType = sourcecode.swift; path = MainNavigationController.swift; sourceTree = "<group>"; };
		9929FC9B2A6DDCB1002C1BF2 /* Extension + NSNotification.Name.swift */ = {isa = PBXFileReference; lastKnownFileType = sourcecode.swift; path = "Extension + NSNotification.Name.swift"; sourceTree = "<group>"; };
		9929FC9D2A6DE014002C1BF2 /* MainTabBarController + delegate.swift */ = {isa = PBXFileReference; lastKnownFileType = sourcecode.swift; path = "MainTabBarController + delegate.swift"; sourceTree = "<group>"; };
		9929FC9F2A6DE8D1002C1BF2 /* MainTabBarController + notificationCenter.swift */ = {isa = PBXFileReference; lastKnownFileType = sourcecode.swift; path = "MainTabBarController + notificationCenter.swift"; sourceTree = "<group>"; };
		9929FCA12A6DEC14002C1BF2 /* MainTabBarController + setupRightButton.swift */ = {isa = PBXFileReference; lastKnownFileType = sourcecode.swift; path = "MainTabBarController + setupRightButton.swift"; sourceTree = "<group>"; };
		9929FCA32A6DFA3B002C1BF2 /* CreateHabitViewController + setupController.swift */ = {isa = PBXFileReference; lastKnownFileType = sourcecode.swift; path = "CreateHabitViewController + setupController.swift"; sourceTree = "<group>"; };
		9929FCA52A6DFBBC002C1BF2 /* CreateHabitViewController + setupTableView.swift */ = {isa = PBXFileReference; lastKnownFileType = sourcecode.swift; path = "CreateHabitViewController + setupTableView.swift"; sourceTree = "<group>"; };
		9929FCA72A6DFC04002C1BF2 /* CreateHabitViewController + setupViews.swift */ = {isa = PBXFileReference; lastKnownFileType = sourcecode.swift; path = "CreateHabitViewController + setupViews.swift"; sourceTree = "<group>"; };
		9929FCA92A6DFCA9002C1BF2 /* CreateHabitViewController + tableViewDelegate + tableViewDataSource.swift */ = {isa = PBXFileReference; lastKnownFileType = sourcecode.swift; path = "CreateHabitViewController + tableViewDelegate + tableViewDataSource.swift"; sourceTree = "<group>"; };
		9929FCAB2A6DFD27002C1BF2 /* CreateHabitViewController + setupButton.swift */ = {isa = PBXFileReference; lastKnownFileType = sourcecode.swift; path = "CreateHabitViewController + setupButton.swift"; sourceTree = "<group>"; };
		993DBDE42A851D39001D036B /* HabitCreationViewController + setupThirdRow.swift */ = {isa = PBXFileReference; lastKnownFileType = sourcecode.swift; path = "HabitCreationViewController + setupThirdRow.swift"; sourceTree = "<group>"; };
		993DBDE62A853F66001D036B /* HabitCreationViewController + setupFourthRow.swift */ = {isa = PBXFileReference; lastKnownFileType = sourcecode.swift; path = "HabitCreationViewController + setupFourthRow.swift"; sourceTree = "<group>"; };
		9943EFCE2A29063A006512A8 /* HabitTracker.app */ = {isa = PBXFileReference; explicitFileType = wrapper.application; includeInIndex = 0; path = HabitTracker.app; sourceTree = BUILT_PRODUCTS_DIR; };
		9943EFD12A29063A006512A8 /* AppDelegate.swift */ = {isa = PBXFileReference; lastKnownFileType = sourcecode.swift; path = AppDelegate.swift; sourceTree = "<group>"; };
		9943EFD32A29063A006512A8 /* SceneDelegate.swift */ = {isa = PBXFileReference; lastKnownFileType = sourcecode.swift; path = SceneDelegate.swift; sourceTree = "<group>"; };
		9943EFD52A29063A006512A8 /* MainViewController.swift */ = {isa = PBXFileReference; lastKnownFileType = sourcecode.swift; path = MainViewController.swift; sourceTree = "<group>"; };
		9943EFDB2A29063A006512A8 /* HabitTracker.xcdatamodel */ = {isa = PBXFileReference; lastKnownFileType = wrapper.xcdatamodel; path = HabitTracker.xcdatamodel; sourceTree = "<group>"; };
		9943EFDD2A29063C006512A8 /* Assets.xcassets */ = {isa = PBXFileReference; lastKnownFileType = folder.assetcatalog; path = Assets.xcassets; sourceTree = "<group>"; };
		9943EFE02A29063C006512A8 /* Base */ = {isa = PBXFileReference; lastKnownFileType = file.storyboard; name = Base; path = Base.lproj/LaunchScreen.storyboard; sourceTree = "<group>"; };
		9943EFE22A29063C006512A8 /* Info.plist */ = {isa = PBXFileReference; lastKnownFileType = text.plist.xml; path = Info.plist; sourceTree = "<group>"; };
		9943EFE72A29063C006512A8 /* HabitTrackerTests.xctest */ = {isa = PBXFileReference; explicitFileType = wrapper.cfbundle; includeInIndex = 0; path = HabitTrackerTests.xctest; sourceTree = BUILT_PRODUCTS_DIR; };
		9943EFEB2A29063C006512A8 /* HabitTrackerTests.swift */ = {isa = PBXFileReference; lastKnownFileType = sourcecode.swift; path = HabitTrackerTests.swift; sourceTree = "<group>"; };
		9943EFF12A29063C006512A8 /* HabitTrackerUITests.xctest */ = {isa = PBXFileReference; explicitFileType = wrapper.cfbundle; includeInIndex = 0; path = HabitTrackerUITests.xctest; sourceTree = BUILT_PRODUCTS_DIR; };
		9943EFF52A29063C006512A8 /* HabitTrackerUITests.swift */ = {isa = PBXFileReference; lastKnownFileType = sourcecode.swift; path = HabitTrackerUITests.swift; sourceTree = "<group>"; };
		9943EFF72A29063C006512A8 /* HabitTrackerUITestsLaunchTests.swift */ = {isa = PBXFileReference; lastKnownFileType = sourcecode.swift; path = HabitTrackerUITestsLaunchTests.swift; sourceTree = "<group>"; };
		99526E132ABBECE3005A3153 /* NewHabitViewModel.swift */ = {isa = PBXFileReference; lastKnownFileType = sourcecode.swift; path = NewHabitViewModel.swift; sourceTree = "<group>"; };
		99526E1B2AC7317F005A3153 /* MainViewController + notificationCenter.swift */ = {isa = PBXFileReference; lastKnownFileType = sourcecode.swift; path = "MainViewController + notificationCenter.swift"; sourceTree = "<group>"; };
		99526E1E2AC734AF005A3153 /* HabitTableViewCell.swift */ = {isa = PBXFileReference; lastKnownFileType = sourcecode.swift; path = HabitTableViewCell.swift; sourceTree = "<group>"; };
		99526E202AC735EA005A3153 /* HabitTableViewCell + setUpViewModel.swift */ = {isa = PBXFileReference; lastKnownFileType = sourcecode.swift; path = "HabitTableViewCell + setUpViewModel.swift"; sourceTree = "<group>"; };
		99526E222AC8C042005A3153 /* HabitTableViewCell + setupViews.swift */ = {isa = PBXFileReference; lastKnownFileType = sourcecode.swift; path = "HabitTableViewCell + setupViews.swift"; sourceTree = "<group>"; };
		996862FB2A6EE2430017A66B /* HabitCreationViewController.swift */ = {isa = PBXFileReference; lastKnownFileType = sourcecode.swift; path = HabitCreationViewController.swift; sourceTree = "<group>"; };
		996862FE2A6EE3D70017A66B /* HabitCreationViewController + setupViews.swift */ = {isa = PBXFileReference; lastKnownFileType = sourcecode.swift; path = "HabitCreationViewController + setupViews.swift"; sourceTree = "<group>"; };
		9968630D2A7166BC0017A66B /* HabitCreationViewController + setupScrollView.swift */ = {isa = PBXFileReference; lastKnownFileType = sourcecode.swift; path = "HabitCreationViewController + setupScrollView.swift"; sourceTree = "<group>"; };
		9968630F2A71681C0017A66B /* HabitCreationViewController + setupFirstRow.swift */ = {isa = PBXFileReference; lastKnownFileType = sourcecode.swift; path = "HabitCreationViewController + setupFirstRow.swift"; sourceTree = "<group>"; };
		996863112A7171610017A66B /* HabitCreationViewController + setupSecondRow.swift */ = {isa = PBXFileReference; lastKnownFileType = sourcecode.swift; path = "HabitCreationViewController + setupSecondRow.swift"; sourceTree = "<group>"; };
		99A071772A6B0F710077314E /* MainViewController + SetUpController.swift */ = {isa = PBXFileReference; lastKnownFileType = sourcecode.swift; path = "MainViewController + SetUpController.swift"; sourceTree = "<group>"; };
		99A071792A6B10290077314E /* MainViewController + setUpTableView.swift */ = {isa = PBXFileReference; lastKnownFileType = sourcecode.swift; path = "MainViewController + setUpTableView.swift"; sourceTree = "<group>"; };
		99A0717D2A6B10B30077314E /* MainViewController + tableViewDataSource.swift */ = {isa = PBXFileReference; lastKnownFileType = sourcecode.swift; path = "MainViewController + tableViewDataSource.swift"; sourceTree = "<group>"; };
		99A0717F2A6B10E80077314E /* MainViewController + tableViewDelegate.swift */ = {isa = PBXFileReference; lastKnownFileType = sourcecode.swift; path = "MainViewController + tableViewDelegate.swift"; sourceTree = "<group>"; };
		99A071842A6B12BC0077314E /* MainTabBarController.swift */ = {isa = PBXFileReference; lastKnownFileType = sourcecode.swift; path = MainTabBarController.swift; sourceTree = "<group>"; };
		99A071872A6B13200077314E /* MainTabBarController + setupControllerViews.swift */ = {isa = PBXFileReference; lastKnownFileType = sourcecode.swift; path = "MainTabBarController + setupControllerViews.swift"; sourceTree = "<group>"; };
		99A0718F2A6B324C0077314E /* CreateHabitViewController.swift */ = {isa = PBXFileReference; lastKnownFileType = sourcecode.swift; path = CreateHabitViewController.swift; sourceTree = "<group>"; };
		99D15C7A2AA08EB400649146 /* HabitCreationViewController + requireSlotCompletion.swift */ = {isa = PBXFileReference; lastKnownFileType = sourcecode.swift; path = "HabitCreationViewController + requireSlotCompletion.swift"; sourceTree = "<group>"; };
		99DD79702A91DFEF00435913 /* HabitCreationViewController + setupFifthRow.swift */ = {isa = PBXFileReference; lastKnownFileType = sourcecode.swift; path = "HabitCreationViewController + setupFifthRow.swift"; sourceTree = "<group>"; };
		99DD79722A9595B000435913 /* HabitCreationViewController + setupSixthRow.swift */ = {isa = PBXFileReference; lastKnownFileType = sourcecode.swift; path = "HabitCreationViewController + setupSixthRow.swift"; sourceTree = "<group>"; };
		99DD79752A959A2500435913 /* HabitCreationViewController + setupCreateHabitButton.swift */ = {isa = PBXFileReference; lastKnownFileType = sourcecode.swift; path = "HabitCreationViewController + setupCreateHabitButton.swift"; sourceTree = "<group>"; };
		99DD79772A96B36400435913 /* HabitCreationViewController + setupAdvanceButton.swift */ = {isa = PBXFileReference; lastKnownFileType = sourcecode.swift; path = "HabitCreationViewController + setupAdvanceButton.swift"; sourceTree = "<group>"; };
		99DD79792A96EC0E00435913 /* HabitCreationViewController + setupChallengeButtons.swift */ = {isa = PBXFileReference; lastKnownFileType = sourcecode.swift; path = "HabitCreationViewController + setupChallengeButtons.swift"; sourceTree = "<group>"; };
/* End PBXFileReference section */

/* Begin PBXFrameworksBuildPhase section */
		9943EFCB2A29063A006512A8 /* Frameworks */ = {
			isa = PBXFrameworksBuildPhase;
			buildActionMask = 2147483647;
			files = (
			);
			runOnlyForDeploymentPostprocessing = 0;
		};
		9943EFE42A29063C006512A8 /* Frameworks */ = {
			isa = PBXFrameworksBuildPhase;
			buildActionMask = 2147483647;
			files = (
			);
			runOnlyForDeploymentPostprocessing = 0;
		};
		9943EFEE2A29063C006512A8 /* Frameworks */ = {
			isa = PBXFrameworksBuildPhase;
			buildActionMask = 2147483647;
			files = (
			);
			runOnlyForDeploymentPostprocessing = 0;
		};
/* End PBXFrameworksBuildPhase section */

/* Begin PBXGroup section */
		9929FC942A6DDA17002C1BF2 /* MainNavigationController */ = {
			isa = PBXGroup;
			children = (
				9929FC962A6DDA27002C1BF2 /* View */,
				9929FC952A6DDA23002C1BF2 /* Controller */,
			);
			path = MainNavigationController;
			sourceTree = "<group>";
		};
		9929FC952A6DDA23002C1BF2 /* Controller */ = {
			isa = PBXGroup;
			children = (
				9929FC972A6DDA42002C1BF2 /* MainNavigationController.swift */,
			);
			path = Controller;
			sourceTree = "<group>";
		};
		9929FC962A6DDA27002C1BF2 /* View */ = {
			isa = PBXGroup;
			children = (
			);
			path = View;
			sourceTree = "<group>";
		};
		9929FC992A6DDC90002C1BF2 /* Extension */ = {
			isa = PBXGroup;
			children = (
				9929FC9B2A6DDCB1002C1BF2 /* Extension + NSNotification.Name.swift */,
			);
			path = Extension;
			sourceTree = "<group>";
		};
		9943EFC52A29063A006512A8 = {
			isa = PBXGroup;
			children = (
				9943EFD02A29063A006512A8 /* HabitTracker */,
				9943EFEA2A29063C006512A8 /* HabitTrackerTests */,
				9943EFF42A29063C006512A8 /* HabitTrackerUITests */,
				9943EFCF2A29063A006512A8 /* Products */,
			);
			sourceTree = "<group>";
		};
		9943EFCF2A29063A006512A8 /* Products */ = {
			isa = PBXGroup;
			children = (
				9943EFCE2A29063A006512A8 /* HabitTracker.app */,
				9943EFE72A29063C006512A8 /* HabitTrackerTests.xctest */,
				9943EFF12A29063C006512A8 /* HabitTrackerUITests.xctest */,
			);
			name = Products;
			sourceTree = "<group>";
		};
		9943EFD02A29063A006512A8 /* HabitTracker */ = {
			isa = PBXGroup;
			children = (
				9929FC992A6DDC90002C1BF2 /* Extension */,
				9929FC942A6DDA17002C1BF2 /* MainNavigationController */,
				99A0718B2A6B32160077314E /* CreateHabitController */,
				99A071822A6B128A0077314E /* TabBarController */,
				99A071812A6B12490077314E /* CoreData */,
				99A071732A6B0EC40077314E /* Assets */,
				99A071722A6B0EB50077314E /* System Generated */,
				99A071742A6B0F350077314E /* MainViewController */,
				9943EFE22A29063C006512A8 /* Info.plist */,
			);
			path = HabitTracker;
			sourceTree = "<group>";
		};
		9943EFEA2A29063C006512A8 /* HabitTrackerTests */ = {
			isa = PBXGroup;
			children = (
				9943EFEB2A29063C006512A8 /* HabitTrackerTests.swift */,
			);
			path = HabitTrackerTests;
			sourceTree = "<group>";
		};
		9943EFF42A29063C006512A8 /* HabitTrackerUITests */ = {
			isa = PBXGroup;
			children = (
				9943EFF52A29063C006512A8 /* HabitTrackerUITests.swift */,
				9943EFF72A29063C006512A8 /* HabitTrackerUITestsLaunchTests.swift */,
			);
			path = HabitTrackerUITests;
			sourceTree = "<group>";
		};
		99526E122ABBECB5005A3153 /* HabitViewModel */ = {
			isa = PBXGroup;
			children = (
				99526E132ABBECE3005A3153 /* NewHabitViewModel.swift */,
			);
			path = HabitViewModel;
			sourceTree = "<group>";
		};
		99526E1D2AC73454005A3153 /* TableViewCell */ = {
			isa = PBXGroup;
			children = (
				99526E1E2AC734AF005A3153 /* HabitTableViewCell.swift */,
				99526E202AC735EA005A3153 /* HabitTableViewCell + setUpViewModel.swift */,
				99526E222AC8C042005A3153 /* HabitTableViewCell + setupViews.swift */,
			);
			path = TableViewCell;
			sourceTree = "<group>";
		};
		996862F82A6EE2100017A66B /* Create Habit Page */ = {
			isa = PBXGroup;
			children = (
				99526E122ABBECB5005A3153 /* HabitViewModel */,
				996862FA2A6EE2240017A66B /* View */,
				996862F92A6EE21D0017A66B /* Controller */,
			);
			path = "Create Habit Page";
			sourceTree = "<group>";
		};
		996862F92A6EE21D0017A66B /* Controller */ = {
			isa = PBXGroup;
			children = (
				996862FB2A6EE2430017A66B /* HabitCreationViewController.swift */,
				99D15C7A2AA08EB400649146 /* HabitCreationViewController + requireSlotCompletion.swift */,
			);
			path = Controller;
			sourceTree = "<group>";
		};
		996862FA2A6EE2240017A66B /* View */ = {
			isa = PBXGroup;
			children = (
				99DD79742A959A0900435913 /* Rows */,
				996862FE2A6EE3D70017A66B /* HabitCreationViewController + setupViews.swift */,
				9968630D2A7166BC0017A66B /* HabitCreationViewController + setupScrollView.swift */,
				99DD79752A959A2500435913 /* HabitCreationViewController + setupCreateHabitButton.swift */,
				99DD79772A96B36400435913 /* HabitCreationViewController + setupAdvanceButton.swift */,
				99DD79792A96EC0E00435913 /* HabitCreationViewController + setupChallengeButtons.swift */,
			);
			path = View;
			sourceTree = "<group>";
		};
		99A071722A6B0EB50077314E /* System Generated */ = {
			isa = PBXGroup;
			children = (
				9943EFD12A29063A006512A8 /* AppDelegate.swift */,
				9943EFD32A29063A006512A8 /* SceneDelegate.swift */,
			);
			path = "System Generated";
			sourceTree = "<group>";
		};
		99A071732A6B0EC40077314E /* Assets */ = {
			isa = PBXGroup;
			children = (
				9943EFDF2A29063C006512A8 /* LaunchScreen.storyboard */,
				9943EFDD2A29063C006512A8 /* Assets.xcassets */,
			);
			path = Assets;
			sourceTree = "<group>";
		};
		99A071742A6B0F350077314E /* MainViewController */ = {
			isa = PBXGroup;
			children = (
				99A071762A6B0F550077314E /* View */,
				99A071752A6B0F4D0077314E /* Controller */,
			);
			path = MainViewController;
			sourceTree = "<group>";
		};
		99A071752A6B0F4D0077314E /* Controller */ = {
			isa = PBXGroup;
			children = (
				9943EFD52A29063A006512A8 /* MainViewController.swift */,
				99526E1B2AC7317F005A3153 /* MainViewController + notificationCenter.swift */,
				99A0717C2A6B10900077314E /* TableView */,
			);
			path = Controller;
			sourceTree = "<group>";
		};
		99A071762A6B0F550077314E /* View */ = {
			isa = PBXGroup;
			children = (
				99A071772A6B0F710077314E /* MainViewController + SetUpController.swift */,
				99A071792A6B10290077314E /* MainViewController + setUpTableView.swift */,
				99526E1D2AC73454005A3153 /* TableViewCell */,
			);
			path = View;
			sourceTree = "<group>";
		};
		99A0717C2A6B10900077314E /* TableView */ = {
			isa = PBXGroup;
			children = (
				99A0717D2A6B10B30077314E /* MainViewController + tableViewDataSource.swift */,
				99A0717F2A6B10E80077314E /* MainViewController + tableViewDelegate.swift */,
			);
			path = TableView;
			sourceTree = "<group>";
		};
		99A071812A6B12490077314E /* CoreData */ = {
			isa = PBXGroup;
			children = (
				9943EFDA2A29063A006512A8 /* HabitTracker.xcdatamodeld */,
			);
			path = CoreData;
			sourceTree = "<group>";
		};
		99A071822A6B128A0077314E /* TabBarController */ = {
			isa = PBXGroup;
			children = (
				99A071862A6B12FB0077314E /* View */,
				99A071832A6B12920077314E /* Controller */,
			);
			path = TabBarController;
			sourceTree = "<group>";
		};
		99A071832A6B12920077314E /* Controller */ = {
			isa = PBXGroup;
			children = (
				99A071842A6B12BC0077314E /* MainTabBarController.swift */,
				9929FCA12A6DEC14002C1BF2 /* MainTabBarController + setupRightButton.swift */,
				9929FC9D2A6DE014002C1BF2 /* MainTabBarController + delegate.swift */,
				9929FC9F2A6DE8D1002C1BF2 /* MainTabBarController + notificationCenter.swift */,
			);
			path = Controller;
			sourceTree = "<group>";
		};
		99A071862A6B12FB0077314E /* View */ = {
			isa = PBXGroup;
			children = (
				99A071872A6B13200077314E /* MainTabBarController + setupControllerViews.swift */,
			);
			path = View;
			sourceTree = "<group>";
		};
		99A0718B2A6B32160077314E /* CreateHabitController */ = {
			isa = PBXGroup;
			children = (
				996862F82A6EE2100017A66B /* Create Habit Page */,
				99A0718D2A6B32300077314E /* View */,
				99A0718C2A6B32270077314E /* Controller */,
			);
			path = CreateHabitController;
			sourceTree = "<group>";
		};
		99A0718C2A6B32270077314E /* Controller */ = {
			isa = PBXGroup;
			children = (
				99A0718F2A6B324C0077314E /* CreateHabitViewController.swift */,
				9929FCA32A6DFA3B002C1BF2 /* CreateHabitViewController + setupController.swift */,
				9929FCA92A6DFCA9002C1BF2 /* CreateHabitViewController + tableViewDelegate + tableViewDataSource.swift */,
			);
			path = Controller;
			sourceTree = "<group>";
		};
		99A0718D2A6B32300077314E /* View */ = {
			isa = PBXGroup;
			children = (
				9929FCA52A6DFBBC002C1BF2 /* CreateHabitViewController + setupTableView.swift */,
				9929FCAB2A6DFD27002C1BF2 /* CreateHabitViewController + setupButton.swift */,
				9929FCA72A6DFC04002C1BF2 /* CreateHabitViewController + setupViews.swift */,
			);
			path = View;
			sourceTree = "<group>";
		};
		99DD79742A959A0900435913 /* Rows */ = {
			isa = PBXGroup;
			children = (
				9968630F2A71681C0017A66B /* HabitCreationViewController + setupFirstRow.swift */,
				996863112A7171610017A66B /* HabitCreationViewController + setupSecondRow.swift */,
				993DBDE42A851D39001D036B /* HabitCreationViewController + setupThirdRow.swift */,
				99DD79702A91DFEF00435913 /* HabitCreationViewController + setupFifthRow.swift */,
				993DBDE62A853F66001D036B /* HabitCreationViewController + setupFourthRow.swift */,
				99DD79722A9595B000435913 /* HabitCreationViewController + setupSixthRow.swift */,
			);
			path = Rows;
			sourceTree = "<group>";
		};
/* End PBXGroup section */

/* Begin PBXNativeTarget section */
		9943EFCD2A29063A006512A8 /* HabitTracker */ = {
			isa = PBXNativeTarget;
			buildConfigurationList = 9943EFFB2A29063C006512A8 /* Build configuration list for PBXNativeTarget "HabitTracker" */;
			buildPhases = (
				9943EFCA2A29063A006512A8 /* Sources */,
				9943EFCB2A29063A006512A8 /* Frameworks */,
				9943EFCC2A29063A006512A8 /* Resources */,
			);
			buildRules = (
			);
			dependencies = (
			);
			name = HabitTracker;
			productName = HabitTracker;
			productReference = 9943EFCE2A29063A006512A8 /* HabitTracker.app */;
			productType = "com.apple.product-type.application";
		};
		9943EFE62A29063C006512A8 /* HabitTrackerTests */ = {
			isa = PBXNativeTarget;
			buildConfigurationList = 9943EFFE2A29063C006512A8 /* Build configuration list for PBXNativeTarget "HabitTrackerTests" */;
			buildPhases = (
				9943EFE32A29063C006512A8 /* Sources */,
				9943EFE42A29063C006512A8 /* Frameworks */,
				9943EFE52A29063C006512A8 /* Resources */,
			);
			buildRules = (
			);
			dependencies = (
				9943EFE92A29063C006512A8 /* PBXTargetDependency */,
			);
			name = HabitTrackerTests;
			productName = HabitTrackerTests;
			productReference = 9943EFE72A29063C006512A8 /* HabitTrackerTests.xctest */;
			productType = "com.apple.product-type.bundle.unit-test";
		};
		9943EFF02A29063C006512A8 /* HabitTrackerUITests */ = {
			isa = PBXNativeTarget;
			buildConfigurationList = 9943F0012A29063C006512A8 /* Build configuration list for PBXNativeTarget "HabitTrackerUITests" */;
			buildPhases = (
				9943EFED2A29063C006512A8 /* Sources */,
				9943EFEE2A29063C006512A8 /* Frameworks */,
				9943EFEF2A29063C006512A8 /* Resources */,
			);
			buildRules = (
			);
			dependencies = (
				9943EFF32A29063C006512A8 /* PBXTargetDependency */,
			);
			name = HabitTrackerUITests;
			productName = HabitTrackerUITests;
			productReference = 9943EFF12A29063C006512A8 /* HabitTrackerUITests.xctest */;
			productType = "com.apple.product-type.bundle.ui-testing";
		};
/* End PBXNativeTarget section */

/* Begin PBXProject section */
		9943EFC62A29063A006512A8 /* Project object */ = {
			isa = PBXProject;
			attributes = {
				BuildIndependentTargetsInParallel = 1;
				LastSwiftUpdateCheck = 1420;
				LastUpgradeCheck = 1420;
				TargetAttributes = {
					9943EFCD2A29063A006512A8 = {
						CreatedOnToolsVersion = 14.2;
					};
					9943EFE62A29063C006512A8 = {
						CreatedOnToolsVersion = 14.2;
						TestTargetID = 9943EFCD2A29063A006512A8;
					};
					9943EFF02A29063C006512A8 = {
						CreatedOnToolsVersion = 14.2;
						TestTargetID = 9943EFCD2A29063A006512A8;
					};
				};
			};
			buildConfigurationList = 9943EFC92A29063A006512A8 /* Build configuration list for PBXProject "HabitTracker" */;
			compatibilityVersion = "Xcode 14.0";
			developmentRegion = en;
			hasScannedForEncodings = 0;
			knownRegions = (
				en,
				Base,
			);
			mainGroup = 9943EFC52A29063A006512A8;
			productRefGroup = 9943EFCF2A29063A006512A8 /* Products */;
			projectDirPath = "";
			projectRoot = "";
			targets = (
				9943EFCD2A29063A006512A8 /* HabitTracker */,
				9943EFE62A29063C006512A8 /* HabitTrackerTests */,
				9943EFF02A29063C006512A8 /* HabitTrackerUITests */,
			);
		};
/* End PBXProject section */

/* Begin PBXResourcesBuildPhase section */
		9943EFCC2A29063A006512A8 /* Resources */ = {
			isa = PBXResourcesBuildPhase;
			buildActionMask = 2147483647;
			files = (
				9943EFE12A29063C006512A8 /* LaunchScreen.storyboard in Resources */,
				9943EFDE2A29063C006512A8 /* Assets.xcassets in Resources */,
			);
			runOnlyForDeploymentPostprocessing = 0;
		};
		9943EFE52A29063C006512A8 /* Resources */ = {
			isa = PBXResourcesBuildPhase;
			buildActionMask = 2147483647;
			files = (
			);
			runOnlyForDeploymentPostprocessing = 0;
		};
		9943EFEF2A29063C006512A8 /* Resources */ = {
			isa = PBXResourcesBuildPhase;
			buildActionMask = 2147483647;
			files = (
			);
			runOnlyForDeploymentPostprocessing = 0;
		};
/* End PBXResourcesBuildPhase section */

/* Begin PBXSourcesBuildPhase section */
		9943EFCA2A29063A006512A8 /* Sources */ = {
			isa = PBXSourcesBuildPhase;
			buildActionMask = 2147483647;
			files = (
				9968630E2A7166BC0017A66B /* HabitCreationViewController + setupScrollView.swift in Sources */,
				99DD797A2A96EC0E00435913 /* HabitCreationViewController + setupChallengeButtons.swift in Sources */,
				99A071782A6B0F710077314E /* MainViewController + SetUpController.swift in Sources */,
				996862FF2A6EE3D70017A66B /* HabitCreationViewController + setupViews.swift in Sources */,
				9929FCA82A6DFC04002C1BF2 /* CreateHabitViewController + setupViews.swift in Sources */,
				9943EFD62A29063A006512A8 /* MainViewController.swift in Sources */,
				99A071852A6B12BC0077314E /* MainTabBarController.swift in Sources */,
				9929FCA02A6DE8D1002C1BF2 /* MainTabBarController + notificationCenter.swift in Sources */,
				996863102A71681C0017A66B /* HabitCreationViewController + setupFirstRow.swift in Sources */,
				99DD79732A9595B000435913 /* HabitCreationViewController + setupSixthRow.swift in Sources */,
				99A071882A6B13200077314E /* MainTabBarController + setupControllerViews.swift in Sources */,
				9943EFDC2A29063A006512A8 /* HabitTracker.xcdatamodeld in Sources */,
				99A0717A2A6B10290077314E /* MainViewController + setUpTableView.swift in Sources */,
				99526E212AC735EA005A3153 /* HabitTableViewCell + setUpViewModel.swift in Sources */,
				99DD79712A91DFF000435913 /* HabitCreationViewController + setupFifthRow.swift in Sources */,
				9929FC9E2A6DE014002C1BF2 /* MainTabBarController + delegate.swift in Sources */,
				99A071802A6B10E80077314E /* MainViewController + tableViewDelegate.swift in Sources */,
				9929FCA42A6DFA3B002C1BF2 /* CreateHabitViewController + setupController.swift in Sources */,
				9943EFD22A29063A006512A8 /* AppDelegate.swift in Sources */,
				996862FC2A6EE2430017A66B /* HabitCreationViewController.swift in Sources */,
				9929FCA62A6DFBBC002C1BF2 /* CreateHabitViewController + setupTableView.swift in Sources */,
				99D15C7B2AA08EB400649146 /* HabitCreationViewController + requireSlotCompletion.swift in Sources */,
				993DBDE72A853F66001D036B /* HabitCreationViewController + setupFourthRow.swift in Sources */,
				99A071902A6B324C0077314E /* CreateHabitViewController.swift in Sources */,
				9943EFD42A29063A006512A8 /* SceneDelegate.swift in Sources */,
				9929FCAC2A6DFD27002C1BF2 /* CreateHabitViewController + setupButton.swift in Sources */,
				99DD79782A96B36400435913 /* HabitCreationViewController + setupAdvanceButton.swift in Sources */,
				9929FC982A6DDA42002C1BF2 /* MainNavigationController.swift in Sources */,
				993DBDE52A851D39001D036B /* HabitCreationViewController + setupThirdRow.swift in Sources */,
				9929FCA22A6DEC14002C1BF2 /* MainTabBarController + setupRightButton.swift in Sources */,
				99526E142ABBECE3005A3153 /* NewHabitViewModel.swift in Sources */,
				99526E232AC8C042005A3153 /* HabitTableViewCell + setupViews.swift in Sources */,
				9929FCAA2A6DFCA9002C1BF2 /* CreateHabitViewController + tableViewDelegate + tableViewDataSource.swift in Sources */,
				99DD79762A959A2500435913 /* HabitCreationViewController + setupCreateHabitButton.swift in Sources */,
				99A0717E2A6B10B30077314E /* MainViewController + tableViewDataSource.swift in Sources */,
				9929FC9C2A6DDCB1002C1BF2 /* Extension + NSNotification.Name.swift in Sources */,
				996863122A7171610017A66B /* HabitCreationViewController + setupSecondRow.swift in Sources */,
				99526E1F2AC734AF005A3153 /* HabitTableViewCell.swift in Sources */,
				99526E1C2AC7317F005A3153 /* MainViewController + notificationCenter.swift in Sources */,
			);
			runOnlyForDeploymentPostprocessing = 0;
		};
		9943EFE32A29063C006512A8 /* Sources */ = {
			isa = PBXSourcesBuildPhase;
			buildActionMask = 2147483647;
			files = (
				9943EFEC2A29063C006512A8 /* HabitTrackerTests.swift in Sources */,
			);
			runOnlyForDeploymentPostprocessing = 0;
		};
		9943EFED2A29063C006512A8 /* Sources */ = {
			isa = PBXSourcesBuildPhase;
			buildActionMask = 2147483647;
			files = (
				9943EFF82A29063C006512A8 /* HabitTrackerUITestsLaunchTests.swift in Sources */,
				9943EFF62A29063C006512A8 /* HabitTrackerUITests.swift in Sources */,
			);
			runOnlyForDeploymentPostprocessing = 0;
		};
/* End PBXSourcesBuildPhase section */

/* Begin PBXTargetDependency section */
		9943EFE92A29063C006512A8 /* PBXTargetDependency */ = {
			isa = PBXTargetDependency;
			target = 9943EFCD2A29063A006512A8 /* HabitTracker */;
			targetProxy = 9943EFE82A29063C006512A8 /* PBXContainerItemProxy */;
		};
		9943EFF32A29063C006512A8 /* PBXTargetDependency */ = {
			isa = PBXTargetDependency;
			target = 9943EFCD2A29063A006512A8 /* HabitTracker */;
			targetProxy = 9943EFF22A29063C006512A8 /* PBXContainerItemProxy */;
		};
/* End PBXTargetDependency section */

/* Begin PBXVariantGroup section */
		9943EFDF2A29063C006512A8 /* LaunchScreen.storyboard */ = {
			isa = PBXVariantGroup;
			children = (
				9943EFE02A29063C006512A8 /* Base */,
			);
			name = LaunchScreen.storyboard;
			sourceTree = "<group>";
		};
/* End PBXVariantGroup section */

/* Begin XCBuildConfiguration section */
		9943EFF92A29063C006512A8 /* Debug */ = {
			isa = XCBuildConfiguration;
			buildSettings = {
				ALWAYS_SEARCH_USER_PATHS = NO;
				CLANG_ANALYZER_NONNULL = YES;
				CLANG_ANALYZER_NUMBER_OBJECT_CONVERSION = YES_AGGRESSIVE;
				CLANG_CXX_LANGUAGE_STANDARD = "gnu++20";
				CLANG_ENABLE_MODULES = YES;
				CLANG_ENABLE_OBJC_ARC = YES;
				CLANG_ENABLE_OBJC_WEAK = YES;
				CLANG_WARN_BLOCK_CAPTURE_AUTORELEASING = YES;
				CLANG_WARN_BOOL_CONVERSION = YES;
				CLANG_WARN_COMMA = YES;
				CLANG_WARN_CONSTANT_CONVERSION = YES;
				CLANG_WARN_DEPRECATED_OBJC_IMPLEMENTATIONS = YES;
				CLANG_WARN_DIRECT_OBJC_ISA_USAGE = YES_ERROR;
				CLANG_WARN_DOCUMENTATION_COMMENTS = YES;
				CLANG_WARN_EMPTY_BODY = YES;
				CLANG_WARN_ENUM_CONVERSION = YES;
				CLANG_WARN_INFINITE_RECURSION = YES;
				CLANG_WARN_INT_CONVERSION = YES;
				CLANG_WARN_NON_LITERAL_NULL_CONVERSION = YES;
				CLANG_WARN_OBJC_IMPLICIT_RETAIN_SELF = YES;
				CLANG_WARN_OBJC_LITERAL_CONVERSION = YES;
				CLANG_WARN_OBJC_ROOT_CLASS = YES_ERROR;
				CLANG_WARN_QUOTED_INCLUDE_IN_FRAMEWORK_HEADER = YES;
				CLANG_WARN_RANGE_LOOP_ANALYSIS = YES;
				CLANG_WARN_STRICT_PROTOTYPES = YES;
				CLANG_WARN_SUSPICIOUS_MOVE = YES;
				CLANG_WARN_UNGUARDED_AVAILABILITY = YES_AGGRESSIVE;
				CLANG_WARN_UNREACHABLE_CODE = YES;
				CLANG_WARN__DUPLICATE_METHOD_MATCH = YES;
				COPY_PHASE_STRIP = NO;
				DEBUG_INFORMATION_FORMAT = dwarf;
				ENABLE_STRICT_OBJC_MSGSEND = YES;
				ENABLE_TESTABILITY = YES;
				GCC_C_LANGUAGE_STANDARD = gnu11;
				GCC_DYNAMIC_NO_PIC = NO;
				GCC_NO_COMMON_BLOCKS = YES;
				GCC_OPTIMIZATION_LEVEL = 0;
				GCC_PREPROCESSOR_DEFINITIONS = (
					"DEBUG=1",
					"$(inherited)",
				);
				GCC_WARN_64_TO_32_BIT_CONVERSION = YES;
				GCC_WARN_ABOUT_RETURN_TYPE = YES_ERROR;
				GCC_WARN_UNDECLARED_SELECTOR = YES;
				GCC_WARN_UNINITIALIZED_AUTOS = YES_AGGRESSIVE;
				GCC_WARN_UNUSED_FUNCTION = YES;
				GCC_WARN_UNUSED_VARIABLE = YES;
				IPHONEOS_DEPLOYMENT_TARGET = 16.2;
				MTL_ENABLE_DEBUG_INFO = INCLUDE_SOURCE;
				MTL_FAST_MATH = YES;
				ONLY_ACTIVE_ARCH = YES;
				SDKROOT = iphoneos;
				SWIFT_ACTIVE_COMPILATION_CONDITIONS = DEBUG;
				SWIFT_OPTIMIZATION_LEVEL = "-Onone";
			};
			name = Debug;
		};
		9943EFFA2A29063C006512A8 /* Release */ = {
			isa = XCBuildConfiguration;
			buildSettings = {
				ALWAYS_SEARCH_USER_PATHS = NO;
				CLANG_ANALYZER_NONNULL = YES;
				CLANG_ANALYZER_NUMBER_OBJECT_CONVERSION = YES_AGGRESSIVE;
				CLANG_CXX_LANGUAGE_STANDARD = "gnu++20";
				CLANG_ENABLE_MODULES = YES;
				CLANG_ENABLE_OBJC_ARC = YES;
				CLANG_ENABLE_OBJC_WEAK = YES;
				CLANG_WARN_BLOCK_CAPTURE_AUTORELEASING = YES;
				CLANG_WARN_BOOL_CONVERSION = YES;
				CLANG_WARN_COMMA = YES;
				CLANG_WARN_CONSTANT_CONVERSION = YES;
				CLANG_WARN_DEPRECATED_OBJC_IMPLEMENTATIONS = YES;
				CLANG_WARN_DIRECT_OBJC_ISA_USAGE = YES_ERROR;
				CLANG_WARN_DOCUMENTATION_COMMENTS = YES;
				CLANG_WARN_EMPTY_BODY = YES;
				CLANG_WARN_ENUM_CONVERSION = YES;
				CLANG_WARN_INFINITE_RECURSION = YES;
				CLANG_WARN_INT_CONVERSION = YES;
				CLANG_WARN_NON_LITERAL_NULL_CONVERSION = YES;
				CLANG_WARN_OBJC_IMPLICIT_RETAIN_SELF = YES;
				CLANG_WARN_OBJC_LITERAL_CONVERSION = YES;
				CLANG_WARN_OBJC_ROOT_CLASS = YES_ERROR;
				CLANG_WARN_QUOTED_INCLUDE_IN_FRAMEWORK_HEADER = YES;
				CLANG_WARN_RANGE_LOOP_ANALYSIS = YES;
				CLANG_WARN_STRICT_PROTOTYPES = YES;
				CLANG_WARN_SUSPICIOUS_MOVE = YES;
				CLANG_WARN_UNGUARDED_AVAILABILITY = YES_AGGRESSIVE;
				CLANG_WARN_UNREACHABLE_CODE = YES;
				CLANG_WARN__DUPLICATE_METHOD_MATCH = YES;
				COPY_PHASE_STRIP = NO;
				DEBUG_INFORMATION_FORMAT = "dwarf-with-dsym";
				ENABLE_NS_ASSERTIONS = NO;
				ENABLE_STRICT_OBJC_MSGSEND = YES;
				GCC_C_LANGUAGE_STANDARD = gnu11;
				GCC_NO_COMMON_BLOCKS = YES;
				GCC_WARN_64_TO_32_BIT_CONVERSION = YES;
				GCC_WARN_ABOUT_RETURN_TYPE = YES_ERROR;
				GCC_WARN_UNDECLARED_SELECTOR = YES;
				GCC_WARN_UNINITIALIZED_AUTOS = YES_AGGRESSIVE;
				GCC_WARN_UNUSED_FUNCTION = YES;
				GCC_WARN_UNUSED_VARIABLE = YES;
				IPHONEOS_DEPLOYMENT_TARGET = 16.2;
				MTL_ENABLE_DEBUG_INFO = NO;
				MTL_FAST_MATH = YES;
				SDKROOT = iphoneos;
				SWIFT_COMPILATION_MODE = wholemodule;
				SWIFT_OPTIMIZATION_LEVEL = "-O";
				VALIDATE_PRODUCT = YES;
			};
			name = Release;
		};
		9943EFFC2A29063C006512A8 /* Debug */ = {
			isa = XCBuildConfiguration;
			buildSettings = {
				ASSETCATALOG_COMPILER_APPICON_NAME = AppIcon;
				ASSETCATALOG_COMPILER_GLOBAL_ACCENT_COLOR_NAME = AccentColor;
				CODE_SIGN_STYLE = Automatic;
				CURRENT_PROJECT_VERSION = 1;
				DEVELOPMENT_TEAM = DPK379U73T;
				GENERATE_INFOPLIST_FILE = YES;
				INFOPLIST_FILE = HabitTracker/Info.plist;
				INFOPLIST_KEY_LSApplicationCategoryType = "public.app-category.productivity";
				INFOPLIST_KEY_UIApplicationSupportsIndirectInputEvents = YES;
				INFOPLIST_KEY_UILaunchStoryboardName = LaunchScreen;
				INFOPLIST_KEY_UIRequiresFullScreen = YES;
				INFOPLIST_KEY_UISupportedInterfaceOrientations = UIInterfaceOrientationPortrait;
				LD_RUNPATH_SEARCH_PATHS = (
					"$(inherited)",
					"@executable_path/Frameworks",
				);
				MARKETING_VERSION = 1.0;
				PRODUCT_BUNDLE_IDENTIFIER = "com.brandon-suarez.HabitTracker";
				PRODUCT_NAME = "$(TARGET_NAME)";
				SWIFT_EMIT_LOC_STRINGS = YES;
				SWIFT_VERSION = 5.0;
				TARGETED_DEVICE_FAMILY = "1,2";
			};
			name = Debug;
		};
		9943EFFD2A29063C006512A8 /* Release */ = {
			isa = XCBuildConfiguration;
			buildSettings = {
				ASSETCATALOG_COMPILER_APPICON_NAME = AppIcon;
				ASSETCATALOG_COMPILER_GLOBAL_ACCENT_COLOR_NAME = AccentColor;
				CODE_SIGN_STYLE = Automatic;
				CURRENT_PROJECT_VERSION = 1;
				DEVELOPMENT_TEAM = DPK379U73T;
				GENERATE_INFOPLIST_FILE = YES;
				INFOPLIST_FILE = HabitTracker/Info.plist;
				INFOPLIST_KEY_LSApplicationCategoryType = "public.app-category.productivity";
				INFOPLIST_KEY_UIApplicationSupportsIndirectInputEvents = YES;
				INFOPLIST_KEY_UILaunchStoryboardName = LaunchScreen;
				INFOPLIST_KEY_UIRequiresFullScreen = YES;
				INFOPLIST_KEY_UISupportedInterfaceOrientations = UIInterfaceOrientationPortrait;
				LD_RUNPATH_SEARCH_PATHS = (
					"$(inherited)",
					"@executable_path/Frameworks",
				);
				MARKETING_VERSION = 1.0;
				PRODUCT_BUNDLE_IDENTIFIER = "com.brandon-suarez.HabitTracker";
				PRODUCT_NAME = "$(TARGET_NAME)";
				SWIFT_EMIT_LOC_STRINGS = YES;
				SWIFT_VERSION = 5.0;
				TARGETED_DEVICE_FAMILY = "1,2";
			};
			name = Release;
		};
		9943EFFF2A29063C006512A8 /* Debug */ = {
			isa = XCBuildConfiguration;
			buildSettings = {
				ALWAYS_EMBED_SWIFT_STANDARD_LIBRARIES = YES;
				BUNDLE_LOADER = "$(TEST_HOST)";
				CODE_SIGN_STYLE = Automatic;
				CURRENT_PROJECT_VERSION = 1;
				DEVELOPMENT_TEAM = DPK379U73T;
				GENERATE_INFOPLIST_FILE = YES;
				IPHONEOS_DEPLOYMENT_TARGET = 16.2;
				MARKETING_VERSION = 1.0;
				PRODUCT_BUNDLE_IDENTIFIER = "com.brandon-suarez.HabitTrackerTests";
				PRODUCT_NAME = "$(TARGET_NAME)";
				SWIFT_EMIT_LOC_STRINGS = NO;
				SWIFT_VERSION = 5.0;
				TARGETED_DEVICE_FAMILY = "1,2";
				TEST_HOST = "$(BUILT_PRODUCTS_DIR)/HabitTracker.app/$(BUNDLE_EXECUTABLE_FOLDER_PATH)/HabitTracker";
			};
			name = Debug;
		};
		9943F0002A29063C006512A8 /* Release */ = {
			isa = XCBuildConfiguration;
			buildSettings = {
				ALWAYS_EMBED_SWIFT_STANDARD_LIBRARIES = YES;
				BUNDLE_LOADER = "$(TEST_HOST)";
				CODE_SIGN_STYLE = Automatic;
				CURRENT_PROJECT_VERSION = 1;
				DEVELOPMENT_TEAM = DPK379U73T;
				GENERATE_INFOPLIST_FILE = YES;
				IPHONEOS_DEPLOYMENT_TARGET = 16.2;
				MARKETING_VERSION = 1.0;
				PRODUCT_BUNDLE_IDENTIFIER = "com.brandon-suarez.HabitTrackerTests";
				PRODUCT_NAME = "$(TARGET_NAME)";
				SWIFT_EMIT_LOC_STRINGS = NO;
				SWIFT_VERSION = 5.0;
				TARGETED_DEVICE_FAMILY = "1,2";
				TEST_HOST = "$(BUILT_PRODUCTS_DIR)/HabitTracker.app/$(BUNDLE_EXECUTABLE_FOLDER_PATH)/HabitTracker";
			};
			name = Release;
		};
		9943F0022A29063C006512A8 /* Debug */ = {
			isa = XCBuildConfiguration;
			buildSettings = {
				ALWAYS_EMBED_SWIFT_STANDARD_LIBRARIES = YES;
				CODE_SIGN_STYLE = Automatic;
				CURRENT_PROJECT_VERSION = 1;
				DEVELOPMENT_TEAM = DPK379U73T;
				GENERATE_INFOPLIST_FILE = YES;
				MARKETING_VERSION = 1.0;
				PRODUCT_BUNDLE_IDENTIFIER = "com.brandon-suarez.HabitTrackerUITests";
				PRODUCT_NAME = "$(TARGET_NAME)";
				SWIFT_EMIT_LOC_STRINGS = NO;
				SWIFT_VERSION = 5.0;
				TARGETED_DEVICE_FAMILY = "1,2";
				TEST_TARGET_NAME = HabitTracker;
			};
			name = Debug;
		};
		9943F0032A29063C006512A8 /* Release */ = {
			isa = XCBuildConfiguration;
			buildSettings = {
				ALWAYS_EMBED_SWIFT_STANDARD_LIBRARIES = YES;
				CODE_SIGN_STYLE = Automatic;
				CURRENT_PROJECT_VERSION = 1;
				DEVELOPMENT_TEAM = DPK379U73T;
				GENERATE_INFOPLIST_FILE = YES;
				MARKETING_VERSION = 1.0;
				PRODUCT_BUNDLE_IDENTIFIER = "com.brandon-suarez.HabitTrackerUITests";
				PRODUCT_NAME = "$(TARGET_NAME)";
				SWIFT_EMIT_LOC_STRINGS = NO;
				SWIFT_VERSION = 5.0;
				TARGETED_DEVICE_FAMILY = "1,2";
				TEST_TARGET_NAME = HabitTracker;
			};
			name = Release;
		};
/* End XCBuildConfiguration section */

/* Begin XCConfigurationList section */
		9943EFC92A29063A006512A8 /* Build configuration list for PBXProject "HabitTracker" */ = {
			isa = XCConfigurationList;
			buildConfigurations = (
				9943EFF92A29063C006512A8 /* Debug */,
				9943EFFA2A29063C006512A8 /* Release */,
			);
			defaultConfigurationIsVisible = 0;
			defaultConfigurationName = Release;
		};
		9943EFFB2A29063C006512A8 /* Build configuration list for PBXNativeTarget "HabitTracker" */ = {
			isa = XCConfigurationList;
			buildConfigurations = (
				9943EFFC2A29063C006512A8 /* Debug */,
				9943EFFD2A29063C006512A8 /* Release */,
			);
			defaultConfigurationIsVisible = 0;
			defaultConfigurationName = Release;
		};
		9943EFFE2A29063C006512A8 /* Build configuration list for PBXNativeTarget "HabitTrackerTests" */ = {
			isa = XCConfigurationList;
			buildConfigurations = (
				9943EFFF2A29063C006512A8 /* Debug */,
				9943F0002A29063C006512A8 /* Release */,
			);
			defaultConfigurationIsVisible = 0;
			defaultConfigurationName = Release;
		};
		9943F0012A29063C006512A8 /* Build configuration list for PBXNativeTarget "HabitTrackerUITests" */ = {
			isa = XCConfigurationList;
			buildConfigurations = (
				9943F0022A29063C006512A8 /* Debug */,
				9943F0032A29063C006512A8 /* Release */,
			);
			defaultConfigurationIsVisible = 0;
			defaultConfigurationName = Release;
		};
/* End XCConfigurationList section */

/* Begin XCVersionGroup section */
		9943EFDA2A29063A006512A8 /* HabitTracker.xcdatamodeld */ = {
			isa = XCVersionGroup;
			children = (
				9943EFDB2A29063A006512A8 /* HabitTracker.xcdatamodel */,
			);
			currentVersion = 9943EFDB2A29063A006512A8 /* HabitTracker.xcdatamodel */;
			path = HabitTracker.xcdatamodeld;
			sourceTree = "<group>";
			versionGroupType = wrapper.xcdatamodel;
		};
/* End XCVersionGroup section */
	};
	rootObject = 9943EFC62A29063A006512A8 /* Project object */;
}
